
Microsoft Visual Studio Solution File, Format Version 12.00
# Visual Studio 15
VisualStudioVersion = 15.0.27130.0
MinimumVisualStudioVersion = 10.0.40219.1
Project("{F2A71F9B-5D33-465A-A702-920D77279786}") = "DebugAssertOnSteroids", "DebugAssertOnSteroids.fsproj", "{40D0BB32-93D2-4200-B176-FD07F5690AD0}"
EndProject
Global
	GlobalSection(SolutionConfigurationPlatforms) = preSolution
		Debug|Any CPU = Debug|Any CPU
		Release|Any CPU = Release|Any CPU
	EndGlobalSection
	GlobalSection(ProjectConfigurationPlatforms) = postSolution
		{40D0BB32-93D2-4200-B176-FD07F5690AD0}.Debug|Any CPU.ActiveCfg = Debug|Any CPU
		{40D0BB32-93D2-4200-B176-FD07F5690AD0}.Debug|Any CPU.Build.0 = Debug|Any CPU
		{40D0BB32-93D2-4200-B176-FD07F5690AD0}.Release|Any CPU.ActiveCfg = Release|Any CPU
		{40D0BB32-93D2-4200-B176-FD07F5690AD0}.Release|Any CPU.Build.0 = Release|Any CPU
	EndGlobalSection
	GlobalSection(SolutionProperties) = preSolution
		HideSolutionNode = FALSE
	EndGlobalSection
	GlobalSection(ExtensibilityGlobals) = postSolution
		SolutionGuid = {B43DC572-B95F-49DA-8C82-6E274E1206B1}
	EndGlobalSection
EndGlobal
